{
  "originHash" : "01c36b643c182c6a82f5baf6ef14dd65fd518602e7691cf8d0bb08d44261f6f2",
  "pins" : [
    {
      "identity" : "931f454f81e605d08440df93f341a841",
      "kind" : "remoteSourceControl",
      "location" : "https://gist.github.com/931f454f81e605d08440df93f341a841.git",
      "state" : {
        "branch" : "master",
        "revision" : "840c969ca89d72aa6e98837e8024f25cde5594eb"
      }
    },
    {
      "identity" : "grdb.swift",
      "kind" : "remoteSourceControl",
      "location" : "https://github.com/groue/GRDB.swift.git",
      "state" : {
        "revision" : "36e30a6f1ef10e4194f6af0cff90888526f0c115",
        "version" : "7.10.0"
      }
    },
    {
      "identity" : "licenselist",
      "kind" : "remoteSourceControl",
      "location" : "https://github.com/cybozu/LicenseList",
      "state" : {
        "revision" : "ee1e897acb2c8f3061fca4434cb702e8ddb7a72c",
        "version" : "2.5.0"
      }
    },
    {
      "identity" : "sentry-cocoa",
      "kind" : "remoteSourceControl",
      "location" : "https://github.com/getsentry/sentry-cocoa.git",
      "state" : {
        "revision" : "64c9c5cc401aefde0eda46a9192b36082533a79d",
        "version" : "9.13.0"
      }
    },
    {
      "identity" : "swift-collections",
      "kind" : "remoteSourceControl",
      "location" : "https://github.com/apple/swift-collections.git",
      "state" : {
        "revision" : "8d9834a6189db730f6264db7556a7ffb751e99ee",
        "version" : "1.4.0"
      }
    },
    {
      "identity" : "swift-log",
      "kind" : "remoteSourceControl",
      "location" : "https://github.com/apple/swift-log",
      "state" : {
        "revision" : "bbd81b6725ae874c69e9b8c8804d462356b55523",
        "version" : "1.10.1"
      }
    }
  ],
  "version" : 3
}
