// !$*UTF8*$!
{
	archiveVersion = 1;
	classes = {
	};
	objectVersion = 77;
	objects = {

/* Begin PBXBuildFile section */
		CE171EEE2F61AE4D008DEA05 /* OrderedCollections in Frameworks */ = {isa = PBXBuildFile; productRef = CE171EED2F61AE4D008DEA05 /* OrderedCollections */; };
		CE21E9412FF10C020007B5F6 /* PronamaAssets in Frameworks */ = {isa = PBXBuildFile; productRef = CE21E9402FF10C020007B5F6 /* PronamaAssets */; };
		CE3FA1922FDC21880049EEA5 /* HotKey in Frameworks */ = {isa = PBXBuildFile; platformFilters = (macos, ); productRef = CE3FA1912FDC21880049EEA5 /* HotKey */; };
		CE4442812FB87FAD0092C2BF /* VLCKit in Frameworks */ = {isa = PBXBuildFile; productRef = CE4442802FB87FAD0092C2BF /* VLCKit */; };
		CE44428E2FB8B9050092C2BF /* Sentry in Frameworks */ = {isa = PBXBuildFile; productRef = CE44428D2FB8B9050092C2BF /* Sentry */; };
		CE47B1A72F4DC5AA00680B2E /* Logging in Frameworks */ = {isa = PBXBuildFile; productRef = CE47B1A62F4DC5AA00680B2E /* Logging */; };
		CE47B1AA2F4DC65200680B2E /* GRDB in Frameworks */ = {isa = PBXBuildFile; productRef = CE47B1A92F4DC65200680B2E /* GRDB */; };
		CE54EBE92FB834D4009AFCBC /* LicenseList in Frameworks */ = {isa = PBXBuildFile; productRef = CE54EBE82FB834D4009AFCBC /* LicenseList */; };
		CE699FA32FDC700400C6F6C4 /* ARIBStandardKit in Frameworks */ = {isa = PBXBuildFile; productRef = CE699FA22FDC700400C6F6C4 /* ARIBStandardKit */; };
		CE6B51C72FDDAD7A00873F35 /* KppxKit in Frameworks */ = {isa = PBXBuildFile; productRef = CE6B51C62FDDAD7A00873F35 /* KppxKit */; };
		CEA5BCC72FC31AB8007D3B10 /* ZIPFoundation in Frameworks */ = {isa = PBXBuildFile; productRef = CEA5BCC62FC31AB8007D3B10 /* ZIPFoundation */; };
		CEA761572FDC65F200C55CC4 /* ApkSignatureVerifierKit in Frameworks */ = {isa = PBXBuildFile; productRef = CEA761562FDC65F200C55CC4 /* ApkSignatureVerifierKit */; };
		CEA761592FDC66F500C55CC4 /* ApkSignatureVerifierKit in Frameworks */ = {isa = PBXBuildFile; productRef = CEA761582FDC66F500C55CC4 /* ApkSignatureVerifierKit */; };
		CEA7615E2FDC6B1C00C55CC4 /* ARIBStandardKit in Frameworks */ = {isa = PBXBuildFile; productRef = CEA7615D2FDC6B1C00C55CC4 /* ARIBStandardKit */; };
/* End PBXBuildFile section */

/* Begin PBXContainerItemProxy section */
		105FC58A2E9EAD3200EA8BCF /* PBXContainerItemProxy */ = {
			isa = PBXContainerItemProxy;
			containerPortal = 105FC5722E9EAD3100EA8BCF /* Project object */;
			proxyType = 1;
			remoteGlobalIDString = 105FC5792E9EAD3100EA8BCF;
			remoteInfo = kiririn;
		};
		105FC5942E9EAD3200EA8BCF /* PBXContainerItemProxy */ = {
			isa = PBXContainerItemProxy;
			containerPortal = 105FC5722E9EAD3100EA8BCF /* Project object */;
			proxyType = 1;
			remoteGlobalIDString = 105FC5792E9EAD3100EA8BCF;
			remoteInfo = kiririn;
		};
/* End PBXContainerItemProxy section */

/* Begin PBXCopyFilesBuildPhase section */
		CE98D0EB2F6C663C006F92FF /* Embed Frameworks */ = {
			isa = PBXCopyFilesBuildPhase;
			buildActionMask = 2147483647;
			dstPath = "";
			dstSubfolderSpec = 10;
			files = (
			);
			name = "Embed Frameworks";
			runOnlyForDeploymentPostprocessing = 0;
		};
/* End PBXCopyFilesBuildPhase section */

/* Begin PBXFileReference section */
		105FC57A2E9EAD3100EA8BCF /* kiririn.app */ = {isa = PBXFileReference; explicitFileType = wrapper.application; includeInIndex = 0; path = kiririn.app; sourceTree = BUILT_PRODUCTS_DIR; };
		105FC5892E9EAD3200EA8BCF /* kiririnTests.xctest */ = {isa = PBXFileReference; explicitFileType = wrapper.cfbundle; includeInIndex = 0; path = kiririnTests.xctest; sourceTree = BUILT_PRODUCTS_DIR; };
		105FC5932E9EAD3200EA8BCF /* kiririnUITests.xctest */ = {isa = PBXFileReference; explicitFileType = wrapper.cfbundle; includeInIndex = 0; path = kiririnUITests.xctest; sourceTree = BUILT_PRODUCTS_DIR; };
/* End PBXFileReference section */

/* Begin PBXFileSystemSynchronizedBuildFileExceptionSet section */
		CE4442832FB8887D0092C2BF /* Exceptions for "kiririn" folder in "kiririn" target */ = {
			isa = PBXFileSystemSynchronizedBuildFileExceptionSet;
			membershipExceptions = (
				Info.plist,
			);
			platformFiltersByRelativePath = {
				AppShell/macOS/CaptionWindowView.swift = (macos, );
				AppShell/macOS/ProgramInfoWindowView.swift = (macos, );
				Features/Capture/macOS/GlobalCaptureHotKeyManager.swift = (macos, );
				Features/Capture/macOS/ShortcutRecorderView.swift = (macos, );
				Features/Player/PlayerOverlayView.swift = (ios, );
				Features/Player/macOS/BMLRemotePanelController.swift = (macos, );
				Features/Player/macOS/DetachedPlayerOverlayView.swift = (macos, );
				Features/Player/macOS/GeometrySafeVLCVideoView.swift = (macos, );
				Features/Player/macOS/PlayerWindowView.swift = (macos, );
				Features/Plugin/iOS/PluginEditableList.swift = (ios, );
				Features/Plugin/macOS/PluginSelectionList.swift = (macos, );
				Features/Plugin/macOS/PluginWindowView.swift = (macos, );
				Shared/UI/macOS/WindowConfigurator.swift = (macos, );
			};
			target = 105FC5792E9EAD3100EA8BCF /* kiririn */;
		};
/* End PBXFileSystemSynchronizedBuildFileExceptionSet section */

/* Begin PBXFileSystemSynchronizedRootGroup section */
		105FC57C2E9EAD3100EA8BCF /* kiririn */ = {
			isa = PBXFileSystemSynchronizedRootGroup;
			exceptions = (
				CE4442832FB8887D0092C2BF /* Exceptions for "kiririn" folder in "kiririn" target */,
			);
			path = kiririn;
			sourceTree = "<group>";
		};
		105FC58C2E9EAD3200EA8BCF /* kiririnTests */ = {
			isa = PBXFileSystemSynchronizedRootGroup;
			path = kiririnTests;
			sourceTree = "<group>";
		};
		105FC5962E9EAD3200EA8BCF /* kiririnUITests */ = {
			isa = PBXFileSystemSynchronizedRootGroup;
			path = kiririnUITests;
			sourceTree = "<group>";
		};
/* End PBXFileSystemSynchronizedRootGroup section */

/* Begin PBXFrameworksBuildPhase section */
		105FC5772E9EAD3100EA8BCF /* Frameworks */ = {
			isa = PBXFrameworksBuildPhase;
			buildActionMask = 2147483647;
			files = (
				CE6B51C72FDDAD7A00873F35 /* KppxKit in Frameworks */,
				CE54EBE92FB834D4009AFCBC /* LicenseList in Frameworks */,
				CE47B1AA2F4DC65200680B2E /* GRDB in Frameworks */,
				CE171EEE2F61AE4D008DEA05 /* OrderedCollections in Frameworks */,
				CE4442812FB87FAD0092C2BF /* VLCKit in Frameworks */,
				CEA7615E2FDC6B1C00C55CC4 /* ARIBStandardKit in Frameworks */,
				CE21E9412FF10C020007B5F6 /* PronamaAssets in Frameworks */,
				CE47B1A72F4DC5AA00680B2E /* Logging in Frameworks */,
				CE3FA1922FDC21880049EEA5 /* HotKey in Frameworks */,
				CE44428E2FB8B9050092C2BF /* Sentry in Frameworks */,
				CEA761572FDC65F200C55CC4 /* ApkSignatureVerifierKit in Frameworks */,
				CEA5BCC72FC31AB8007D3B10 /* ZIPFoundation in Frameworks */,
			);
			runOnlyForDeploymentPostprocessing = 0;
		};
		105FC5862E9EAD3200EA8BCF /* Frameworks */ = {
			isa = PBXFrameworksBuildPhase;
			buildActionMask = 2147483647;
			files = (
				CEA761592FDC66F500C55CC4 /* ApkSignatureVerifierKit in Frameworks */,
				CE699FA32FDC700400C6F6C4 /* ARIBStandardKit in Frameworks */,
			);
			runOnlyForDeploymentPostprocessing = 0;
		};
		105FC5902E9EAD3200EA8BCF /* Frameworks */ = {
			isa = PBXFrameworksBuildPhase;
			buildActionMask = 2147483647;
			files = (
			);
			runOnlyForDeploymentPostprocessing = 0;
		};
/* End PBXFrameworksBuildPhase section */

/* Begin PBXGroup section */
		105FC5712E9EAD3100EA8BCF = {
			isa = PBXGroup;
			children = (
				105FC57C2E9EAD3100EA8BCF /* kiririn */,
				105FC58C2E9EAD3200EA8BCF /* kiririnTests */,
				105FC5962E9EAD3200EA8BCF /* kiririnUITests */,
				105FC57B2E9EAD3100EA8BCF /* Products */,
			);
			sourceTree = "<group>";
		};
		105FC57B2E9EAD3100EA8BCF /* Products */ = {
			isa = PBXGroup;
			children = (
				105FC57A2E9EAD3100EA8BCF /* kiririn.app */,
				105FC5892E9EAD3200EA8BCF /* kiririnTests.xctest */,
				105FC5932E9EAD3200EA8BCF /* kiririnUITests.xctest */,
			);
			name = Products;
			sourceTree = "<group>";
		};
/* End PBXGroup section */

/* Begin PBXNativeTarget section */
		105FC5792E9EAD3100EA8BCF /* kiririn */ = {
			isa = PBXNativeTarget;
			buildConfigurationList = 105FC59D2E9EAD3200EA8BCF /* Build configuration list for PBXNativeTarget "kiririn" */;
			buildPhases = (
				105FC5762E9EAD3100EA8BCF /* Sources */,
				105FC5772E9EAD3100EA8BCF /* Frameworks */,
				105FC5782E9EAD3100EA8BCF /* Resources */,
				CE98D0EB2F6C663C006F92FF /* Embed Frameworks */,
				CE7AFB8D3004E4C600D07C44 /* Set Git Commit Hash */,
				CE4442852FB88B010092C2BF /* ShellScript */,
			);
			buildRules = (
			);
			dependencies = (
			);
			fileSystemSynchronizedGroups = (
				105FC57C2E9EAD3100EA8BCF /* kiririn */,
			);
			name = kiririn;
			packageProductDependencies = (
				CE47B1A62F4DC5AA00680B2E /* Logging */,
				CE47B1A92F4DC65200680B2E /* GRDB */,
				CE171EED2F61AE4D008DEA05 /* OrderedCollections */,
				CE54EBE82FB834D4009AFCBC /* LicenseList */,
				CE4442802FB87FAD0092C2BF /* VLCKit */,
				CE44428D2FB8B9050092C2BF /* Sentry */,
				CEA5BCC62FC31AB8007D3B10 /* ZIPFoundation */,
				CE3FA1912FDC21880049EEA5 /* HotKey */,
				CEA761562FDC65F200C55CC4 /* ApkSignatureVerifierKit */,
				CEA7615D2FDC6B1C00C55CC4 /* ARIBStandardKit */,
				CE6B51C62FDDAD7A00873F35 /* KppxKit */,
				CE21E9402FF10C020007B5F6 /* PronamaAssets */,
			);
			productName = kiririn;
			productReference = 105FC57A2E9EAD3100EA8BCF /* kiririn.app */;
			productType = "com.apple.product-type.application";
		};
		105FC5882E9EAD3200EA8BCF /* kiririnTests */ = {
			isa = PBXNativeTarget;
			buildConfigurationList = 105FC5A02E9EAD3200EA8BCF /* Build configuration list for PBXNativeTarget "kiririnTests" */;
			buildPhases = (
				105FC5852E9EAD3200EA8BCF /* Sources */,
				105FC5862E9EAD3200EA8BCF /* Frameworks */,
				105FC5872E9EAD3200EA8BCF /* Resources */,
			);
			buildRules = (
			);
			dependencies = (
				105FC58B2E9EAD3200EA8BCF /* PBXTargetDependency */,
			);
			fileSystemSynchronizedGroups = (
				105FC58C2E9EAD3200EA8BCF /* kiririnTests */,
			);
			name = kiririnTests;
			packageProductDependencies = (
				CEA761582FDC66F500C55CC4 /* ApkSignatureVerifierKit */,
				CE699FA22FDC700400C6F6C4 /* ARIBStandardKit */,
			);
			productName = kiririnTests;
			productReference = 105FC5892E9EAD3200EA8BCF /* kiririnTests.xctest */;
			productType = "com.apple.product-type.bundle.unit-test";
		};
		105FC5922E9EAD3200EA8BCF /* kiririnUITests */ = {
			isa = PBXNativeTarget;
			buildConfigurationList = 105FC5A32E9EAD3200EA8BCF /* Build configuration list for PBXNativeTarget "kiririnUITests" */;
			buildPhases = (
				105FC58F2E9EAD3200EA8BCF /* Sources */,
				105FC5902E9EAD3200EA8BCF /* Frameworks */,
				105FC5912E9EAD3200EA8BCF /* Resources */,
			);
			buildRules = (
			);
			dependencies = (
				105FC5952E9EAD3200EA8BCF /* PBXTargetDependency */,
			);
			fileSystemSynchronizedGroups = (
				105FC5962E9EAD3200EA8BCF /* kiririnUITests */,
			);
			name = kiririnUITests;
			packageProductDependencies = (
			);
			productName = kiririnUITests;
			productReference = 105FC5932E9EAD3200EA8BCF /* kiririnUITests.xctest */;
			productType = "com.apple.product-type.bundle.ui-testing";
		};
/* End PBXNativeTarget section */

/* Begin PBXProject section */
		105FC5722E9EAD3100EA8BCF /* Project object */ = {
			isa = PBXProject;
			attributes = {
				BuildIndependentTargetsInParallel = 1;
				LastSwiftUpdateCheck = 1600;
				LastUpgradeCheck = 2630;
				TargetAttributes = {
					105FC5792E9EAD3100EA8BCF = {
						CreatedOnToolsVersion = 16.0;
					};
					105FC5882E9EAD3200EA8BCF = {
						CreatedOnToolsVersion = 26.0;
						TestTargetID = 105FC5792E9EAD3100EA8BCF;
					};
					105FC5922E9EAD3200EA8BCF = {
						CreatedOnToolsVersion = 26.0;
						TestTargetID = 105FC5792E9EAD3100EA8BCF;
					};
				};
			};
			buildConfigurationList = 105FC5752E9EAD3100EA8BCF /* Build configuration list for PBXProject "kiririn" */;
			developmentRegion = ja;
			hasScannedForEncodings = 0;
			knownRegions = (
				Base,
				ja,
			);
			mainGroup = 105FC5712E9EAD3100EA8BCF;
			minimizedProjectReferenceProxies = 1;
			packageReferences = (
				CE47B1A32F4DC5AA00680B2E /* XCRemoteSwiftPackageReference "swift-log" */,
				CE47B1A82F4DC65200680B2E /* XCRemoteSwiftPackageReference "GRDB.swift" */,
				CE171EEC2F61AE4D008DEA05 /* XCRemoteSwiftPackageReference "swift-collections" */,
				CE54EBE72FB834D4009AFCBC /* XCRemoteSwiftPackageReference "LicenseList" */,
				CE44427F2FB87FAD0092C2BF /* XCLocalSwiftPackageReference "Packages/VLCKit" */,
				CE44428C2FB8B9050092C2BF /* XCRemoteSwiftPackageReference "sentry-cocoa" */,
				CE21E93F2FF10C020007B5F6 /* XCRemoteSwiftPackageReference "931f454f81e605d08440df93f341a841" */,
				CEA5BCC52FC31AB8007D3B10 /* XCRemoteSwiftPackageReference "ZIPFoundation" */,
				CE3FA1902FDC21880049EEA5 /* XCRemoteSwiftPackageReference "HotKey" */,
				CEA761552FDC65F200C55CC4 /* XCLocalSwiftPackageReference "Packages/ApkSignatureVerifierKit" */,
				CEA7615C2FDC6B1C00C55CC4 /* XCLocalSwiftPackageReference "Packages/ARIBStandardKit" */,
				CE6B51C52FDDAD7A00873F35 /* XCLocalSwiftPackageReference "Packages/KppxKit" */,
			);
			preferredProjectObjectVersion = 77;
			productRefGroup = 105FC57B2E9EAD3100EA8BCF /* Products */;
			projectDirPath = "";
			projectRoot = "";
			targets = (
				105FC5792E9EAD3100EA8BCF /* kiririn */,
				105FC5882E9EAD3200EA8BCF /* kiririnTests */,
				105FC5922E9EAD3200EA8BCF /* kiririnUITests */,
			);
		};
/* End PBXProject section */

/* Begin PBXResourcesBuildPhase section */
		105FC5782E9EAD3100EA8BCF /* Resources */ = {
			isa = PBXResourcesBuildPhase;
			buildActionMask = 2147483647;
			files = (
			);
			runOnlyForDeploymentPostprocessing = 0;
		};
		105FC5872E9EAD3200EA8BCF /* Resources */ = {
			isa = PBXResourcesBuildPhase;
			buildActionMask = 2147483647;
			files = (
			);
			runOnlyForDeploymentPostprocessing = 0;
		};
		105FC5912E9EAD3200EA8BCF /* Resources */ = {
			isa = PBXResourcesBuildPhase;
			buildActionMask = 2147483647;
			files = (
			);
			runOnlyForDeploymentPostprocessing = 0;
		};
/* End PBXResourcesBuildPhase section */

/* Begin PBXShellScriptBuildPhase section */
		CE4442852FB88B010092C2BF /* ShellScript */ = {
			isa = PBXShellScriptBuildPhase;
			alwaysOutOfDate = 1;
			buildActionMask = 2147483647;
			files = (
			);
			inputFileListPaths = (
			);
			inputPaths = (
			);
			outputFileListPaths = (
			);
			outputPaths = (
			);
			runOnlyForDeploymentPostprocessing = 0;
			shellPath = /bin/sh;
			shellScript = "xcrun swift-format format --in-place --recursive \"$SRCROOT\"\n";
		};
		CE7AFB8D3004E4C600D07C44 /* Set Git Commit Hash */ = {
			isa = PBXShellScriptBuildPhase;
			alwaysOutOfDate = 1;
			buildActionMask = 2147483647;
			files = (
			);
			inputFileListPaths = (
			);
			inputPaths = (
			);
			name = "Set Git Commit Hash";
			outputFileListPaths = (
			);
			outputPaths = (
			);
			runOnlyForDeploymentPostprocessing = 0;
			shellPath = /bin/sh;
			shellScript = "set -eu\n\ninfo_plist=\"${TARGET_BUILD_DIR}/${INFOPLIST_PATH}\"\ngit_hash=\"-\"\n\nif [ -f \"$info_plist\" ] && git -C \"$SRCROOT\" rev-parse --is-inside-work-tree >/dev/null 2>&1; then\n    git_hash=$(git -C \"$SRCROOT\" rev-parse --short=7 HEAD)\nfi\n\nif [ -f \"$info_plist\" ]; then\n    /usr/libexec/PlistBuddy -c \"Set :KiririnGitCommitHash $git_hash\" \"$info_plist\" 2>/dev/null || \\\n        /usr/libexec/PlistBuddy -c \"Add :KiririnGitCommitHash string $git_hash\" \"$info_plist\"\nfi\n";
		};
/* End PBXShellScriptBuildPhase section */

/* Begin PBXSourcesBuildPhase section */
		105FC5762E9EAD3100EA8BCF /* Sources */ = {
			isa = PBXSourcesBuildPhase;
			buildActionMask = 2147483647;
			files = (
			);
			runOnlyForDeploymentPostprocessing = 0;
		};
		105FC5852E9EAD3200EA8BCF /* Sources */ = {
			isa = PBXSourcesBuildPhase;
			buildActionMask = 2147483647;
			files = (
			);
			runOnlyForDeploymentPostprocessing = 0;
		};
		105FC58F2E9EAD3200EA8BCF /* Sources */ = {
			isa = PBXSourcesBuildPhase;
			buildActionMask = 2147483647;
			files = (
			);
			runOnlyForDeploymentPostprocessing = 0;
		};
/* End PBXSourcesBuildPhase section */

/* Begin PBXTargetDependency section */
		105FC58B2E9EAD3200EA8BCF /* PBXTargetDependency */ = {
			isa = PBXTargetDependency;
			target = 105FC5792E9EAD3100EA8BCF /* kiririn */;
			targetProxy = 105FC58A2E9EAD3200EA8BCF /* PBXContainerItemProxy */;
		};
		105FC5952E9EAD3200EA8BCF /* PBXTargetDependency */ = {
			isa = PBXTargetDependency;
			target = 105FC5792E9EAD3100EA8BCF /* kiririn */;
			targetProxy = 105FC5942E9EAD3200EA8BCF /* PBXContainerItemProxy */;
		};
/* End PBXTargetDependency section */

/* Begin XCBuildConfiguration section */
		105FC59B2E9EAD3200EA8BCF /* Debug */ = {
			isa = XCBuildConfiguration;
			buildSettings = {
				ALWAYS_SEARCH_USER_PATHS = NO;
				ASSETCATALOG_COMPILER_GENERATE_SWIFT_ASSET_SYMBOL_EXTENSIONS = YES;
				CLANG_ANALYZER_NONNULL = YES;
				CLANG_ANALYZER_NUMBER_OBJECT_CONVERSION = YES_AGGRESSIVE;
				CLANG_CXX_LANGUAGE_STANDARD = "gnu++20";
				CLANG_ENABLE_MODULES = YES;
				CLANG_ENABLE_OBJC_ARC = YES;
				CLANG_ENABLE_OBJC_WEAK = YES;
				CLANG_WARN_BLOCK_CAPTURE_AUTORELEASING = YES;
				CLANG_WARN_BOOL_CONVERSION = YES;
				CLANG_WARN_COMMA = YES;
				CLANG_WARN_CONSTANT_CONVERSION = YES;
				CLANG_WARN_DEPRECATED_OBJC_IMPLEMENTATIONS = YES;
				CLANG_WARN_DIRECT_OBJC_ISA_USAGE = YES_ERROR;
				CLANG_WARN_DOCUMENTATION_COMMENTS = YES;
				CLANG_WARN_EMPTY_BODY = YES;
				CLANG_WARN_ENUM_CONVERSION = YES;
				CLANG_WARN_INFINITE_RECURSION = YES;
				CLANG_WARN_INT_CONVERSION = YES;
				CLANG_WARN_NON_LITERAL_NULL_CONVERSION = YES;
				CLANG_WARN_OBJC_IMPLICIT_RETAIN_SELF = YES;
				CLANG_WARN_OBJC_LITERAL_CONVERSION = YES;
				CLANG_WARN_OBJC_ROOT_CLASS = YES_ERROR;
				CLANG_WARN_QUOTED_INCLUDE_IN_FRAMEWORK_HEADER = YES;
				CLANG_WARN_RANGE_LOOP_ANALYSIS = YES;
				CLANG_WARN_STRICT_PROTOTYPES = YES;
				CLANG_WARN_SUSPICIOUS_MOVE = YES;
				CLANG_WARN_UNGUARDED_AVAILABILITY = YES_AGGRESSIVE;
				CLANG_WARN_UNREACHABLE_CODE = YES;
				CLANG_WARN__DUPLICATE_METHOD_MATCH = YES;
				COPY_PHASE_STRIP = NO;
				DEAD_CODE_STRIPPING = YES;
				DEBUG_INFORMATION_FORMAT = dwarf;
				DEVELOPMENT_TEAM = "";
				ENABLE_STRICT_OBJC_MSGSEND = YES;
				ENABLE_TESTABILITY = YES;
				ENABLE_USER_SCRIPT_SANDBOXING = NO;
				GCC_C_LANGUAGE_STANDARD = gnu17;
				GCC_DYNAMIC_NO_PIC = NO;
				GCC_NO_COMMON_BLOCKS = YES;
				GCC_OPTIMIZATION_LEVEL = 0;
				GCC_PREPROCESSOR_DEFINITIONS = (
					"DEBUG=1",
					"$(inherited)",
				);
				GCC_WARN_64_TO_32_BIT_CONVERSION = YES;
				GCC_WARN_ABOUT_RETURN_TYPE = YES_ERROR;
				GCC_WARN_UNDECLARED_SELECTOR = YES;
				GCC_WARN_UNINITIALIZED_AUTOS = YES_AGGRESSIVE;
				GCC_WARN_UNUSED_FUNCTION = YES;
				GCC_WARN_UNUSED_VARIABLE = YES;
				INFOPLIST_KEY_NSHumanReadableCopyright = "Copyright © 2025 ci7lus";
				IPHONEOS_DEPLOYMENT_TARGET = 18.6;
				LOCALIZATION_PREFERS_STRING_CATALOGS = YES;
				MTL_ENABLE_DEBUG_INFO = INCLUDE_SOURCE;
				MTL_FAST_MATH = YES;
				ONLY_ACTIVE_ARCH = YES;
				STRING_CATALOG_GENERATE_SYMBOLS = YES;
				SWIFT_ACTIVE_COMPILATION_CONDITIONS = "DEBUG $(inherited)";
				SWIFT_OPTIMIZATION_LEVEL = "-Onone";
			};
			name = Debug;
		};
		105FC59C2E9EAD3200EA8BCF /* Release */ = {
			isa = XCBuildConfiguration;
			buildSettings = {
				ALWAYS_SEARCH_USER_PATHS = NO;
				ASSETCATALOG_COMPILER_GENERATE_SWIFT_ASSET_SYMBOL_EXTENSIONS = YES;
				CLANG_ANALYZER_NONNULL = YES;
				CLANG_ANALYZER_NUMBER_OBJECT_CONVERSION = YES_AGGRESSIVE;
				CLANG_CXX_LANGUAGE_STANDARD = "gnu++20";
				CLANG_ENABLE_MODULES = YES;
				CLANG_ENABLE_OBJC_ARC = YES;
				CLANG_ENABLE_OBJC_WEAK = YES;
				CLANG_WARN_BLOCK_CAPTURE_AUTORELEASING = YES;
				CLANG_WARN_BOOL_CONVERSION = YES;
				CLANG_WARN_COMMA = YES;
				CLANG_WARN_CONSTANT_CONVERSION = YES;
				CLANG_WARN_DEPRECATED_OBJC_IMPLEMENTATIONS = YES;
				CLANG_WARN_DIRECT_OBJC_ISA_USAGE = YES_ERROR;
				CLANG_WARN_DOCUMENTATION_COMMENTS = YES;
				CLANG_WARN_EMPTY_BODY = YES;
				CLANG_WARN_ENUM_CONVERSION = YES;
				CLANG_WARN_INFINITE_RECURSION = YES;
				CLANG_WARN_INT_CONVERSION = YES;
				CLANG_WARN_NON_LITERAL_NULL_CONVERSION = YES;
				CLANG_WARN_OBJC_IMPLICIT_RETAIN_SELF = YES;
				CLANG_WARN_OBJC_LITERAL_CONVERSION = YES;
				CLANG_WARN_OBJC_ROOT_CLASS = YES_ERROR;
				CLANG_WARN_QUOTED_INCLUDE_IN_FRAMEWORK_HEADER = YES;
				CLANG_WARN_RANGE_LOOP_ANALYSIS = YES;
				CLANG_WARN_STRICT_PROTOTYPES = YES;
				CLANG_WARN_SUSPICIOUS_MOVE = YES;
				CLANG_WARN_UNGUARDED_AVAILABILITY = YES_AGGRESSIVE;
				CLANG_WARN_UNREACHABLE_CODE = YES;
				CLANG_WARN__DUPLICATE_METHOD_MATCH = YES;
				COPY_PHASE_STRIP = NO;
				DEAD_CODE_STRIPPING = YES;
				DEBUG_INFORMATION_FORMAT = "dwarf-with-dsym";
				DEVELOPMENT_TEAM = "";
				ENABLE_NS_ASSERTIONS = NO;
				ENABLE_STRICT_OBJC_MSGSEND = YES;
				ENABLE_USER_SCRIPT_SANDBOXING = NO;
				GCC_C_LANGUAGE_STANDARD = gnu17;
				GCC_NO_COMMON_BLOCKS = YES;
				GCC_WARN_64_TO_32_BIT_CONVERSION = YES;
				GCC_WARN_ABOUT_RETURN_TYPE = YES_ERROR;
				GCC_WARN_UNDECLARED_SELECTOR = YES;
				GCC_WARN_UNINITIALIZED_AUTOS = YES_AGGRESSIVE;
				GCC_WARN_UNUSED_FUNCTION = YES;
				GCC_WARN_UNUSED_VARIABLE = YES;
				INFOPLIST_KEY_NSHumanReadableCopyright = "Copyright © 2025 ci7lus";
				IPHONEOS_DEPLOYMENT_TARGET = 18.6;
				LOCALIZATION_PREFERS_STRING_CATALOGS = YES;
				MTL_ENABLE_DEBUG_INFO = NO;
				MTL_FAST_MATH = YES;
				STRING_CATALOG_GENERATE_SYMBOLS = YES;
				SWIFT_COMPILATION_MODE = wholemodule;
				VALIDATE_PRODUCT = YES;
			};
			name = Release;
		};
		105FC59E2E9EAD3200EA8BCF /* Debug */ = {
			isa = XCBuildConfiguration;
			buildSettings = {
				ASSETCATALOG_COMPILER_APPICON_NAME = AppIcon;
				ASSETCATALOG_COMPILER_GLOBAL_ACCENT_COLOR_NAME = AccentColor;
				AUTOMATION_APPLE_EVENTS = NO;
				CODE_SIGN_ENTITLEMENTS = kiririn/kiririn.entitlements;
				CODE_SIGN_IDENTITY = "Apple Development";
				CODE_SIGN_STYLE = Automatic;
				CURRENT_PROJECT_VERSION = 1;
				DEAD_CODE_STRIPPING = YES;
				DEVELOPMENT_TEAM = 4XKKKM86RN;
				ENABLE_APP_SANDBOX = YES;
				ENABLE_HARDENED_RUNTIME = YES;
				ENABLE_INCOMING_NETWORK_CONNECTIONS = NO;
				ENABLE_OUTGOING_NETWORK_CONNECTIONS = YES;
				ENABLE_PREVIEWS = YES;
				ENABLE_RESOURCE_ACCESS_AUDIO_INPUT = NO;
				ENABLE_RESOURCE_ACCESS_BLUETOOTH = NO;
				ENABLE_RESOURCE_ACCESS_CALENDARS = NO;
				ENABLE_RESOURCE_ACCESS_CAMERA = NO;
				ENABLE_RESOURCE_ACCESS_CONTACTS = NO;
				ENABLE_RESOURCE_ACCESS_LOCATION = NO;
				ENABLE_RESOURCE_ACCESS_PHOTO_LIBRARY = NO;
				ENABLE_RESOURCE_ACCESS_PRINTING = NO;
				ENABLE_RESOURCE_ACCESS_USB = NO;
				ENABLE_USER_SELECTED_FILES = readwrite;
				EXCLUDED_ARCHS = "";
				GENERATE_INFOPLIST_FILE = YES;
				INFOPLIST_FILE = kiririn/Info.plist;
				INFOPLIST_KEY_CFBundleDisplayName = kiririn;
				INFOPLIST_KEY_ITSAppUsesNonExemptEncryption = NO;
				INFOPLIST_KEY_KiririnGitCommitHash = "-";
				INFOPLIST_KEY_LSApplicationCategoryType = "public.app-category.video";
				INFOPLIST_KEY_LSSupportsOpeningDocumentsInPlace = YES;
				INFOPLIST_KEY_NSHumanReadableCopyright = "Copyright © 2025 ci7lus";
				INFOPLIST_KEY_NSLocalNetworkUsageDescription = "ローカルネットワーク上のサーバーと通信します。";
				INFOPLIST_KEY_UIApplicationSceneManifest_Generation = YES;
				INFOPLIST_KEY_UIApplicationSupportsIndirectInputEvents = YES;
				INFOPLIST_KEY_UILaunchScreen_Generation = YES;
				INFOPLIST_KEY_UIStatusBarHidden = YES;
				INFOPLIST_KEY_UISupportedInterfaceOrientations = "UIInterfaceOrientationPortrait UIInterfaceOrientationLandscapeLeft UIInterfaceOrientationLandscapeRight";
				INFOPLIST_KEY_UISupportedInterfaceOrientations_iPad = "UIInterfaceOrientationPortrait UIInterfaceOrientationPortraitUpsideDown UIInterfaceOrientationLandscapeLeft UIInterfaceOrientationLandscapeRight";
				INFOPLIST_KEY_UISupportedInterfaceOrientations_iPhone = "UIInterfaceOrientationPortrait UIInterfaceOrientationLandscapeLeft UIInterfaceOrientationLandscapeRight";
				IPHONEOS_DEPLOYMENT_TARGET = 18.4;
				KIRIRIN_TEMPORARY_MARKETING_VERSION = 0.1.2;
				LD_RUNPATH_SEARCH_PATHS = "@executable_path/Frameworks";
				"LD_RUNPATH_SEARCH_PATHS[sdk=macosx*]" = "@executable_path/../Frameworks";
				MACOSX_DEPLOYMENT_TARGET = 15.4;
				MARKETING_VERSION = 0.1.2;
				"MARKETING_VERSION[sdk=iphoneos*]" = 0.1.1;
				PRODUCT_BUNDLE_IDENTIFIER = jp.pronama.kiririn;
				PRODUCT_NAME = "$(TARGET_NAME)";
				PROVISIONING_PROFILE_SPECIFIER = "";
				REGISTER_APP_GROUPS = YES;
				RUNTIME_EXCEPTION_ALLOW_DYLD_ENVIRONMENT_VARIABLES = NO;
				RUNTIME_EXCEPTION_ALLOW_JIT = NO;
				RUNTIME_EXCEPTION_ALLOW_UNSIGNED_EXECUTABLE_MEMORY = NO;
				RUNTIME_EXCEPTION_DEBUGGING_TOOL = NO;
				RUNTIME_EXCEPTION_DISABLE_EXECUTABLE_PAGE_PROTECTION = NO;
				RUNTIME_EXCEPTION_DISABLE_LIBRARY_VALIDATION = NO;
				SDKROOT = auto;
				SUPPORTED_PLATFORMS = "iphoneos iphonesimulator macosx";
				SUPPORTS_MACCATALYST = NO;
				SUPPORTS_MAC_DESIGNED_FOR_IPHONE_IPAD = NO;
				SWIFT_APPROACHABLE_CONCURRENCY = YES;
				SWIFT_DEFAULT_ACTOR_ISOLATION = MainActor;
				SWIFT_EMIT_LOC_STRINGS = YES;
				SWIFT_UPCOMING_FEATURE_MEMBER_IMPORT_VISIBILITY = YES;
				SWIFT_VERSION = 5.0;
				TARGETED_DEVICE_FAMILY = "1,2";
			};
			name = Debug;
		};
		105FC59F2E9EAD3200EA8BCF /* Release */ = {
			isa = XCBuildConfiguration;
			buildSettings = {
				ASSETCATALOG_COMPILER_APPICON_NAME = AppIcon;
				ASSETCATALOG_COMPILER_GLOBAL_ACCENT_COLOR_NAME = AccentColor;
				AUTOMATION_APPLE_EVENTS = NO;
				CODE_SIGN_ENTITLEMENTS = kiririn/kiririn.entitlements;
				CODE_SIGN_IDENTITY = "Apple Development";
				CODE_SIGN_STYLE = Automatic;
				CURRENT_PROJECT_VERSION = 1;
				DEAD_CODE_STRIPPING = YES;
				DEVELOPMENT_TEAM = 4XKKKM86RN;
				ENABLE_APP_SANDBOX = YES;
				ENABLE_HARDENED_RUNTIME = YES;
				ENABLE_INCOMING_NETWORK_CONNECTIONS = NO;
				ENABLE_OUTGOING_NETWORK_CONNECTIONS = YES;
				ENABLE_PREVIEWS = YES;
				ENABLE_RESOURCE_ACCESS_AUDIO_INPUT = NO;
				ENABLE_RESOURCE_ACCESS_BLUETOOTH = NO;
				ENABLE_RESOURCE_ACCESS_CALENDARS = NO;
				ENABLE_RESOURCE_ACCESS_CAMERA = NO;
				ENABLE_RESOURCE_ACCESS_CONTACTS = NO;
				ENABLE_RESOURCE_ACCESS_LOCATION = NO;
				ENABLE_RESOURCE_ACCESS_PHOTO_LIBRARY = NO;
				ENABLE_RESOURCE_ACCESS_PRINTING = NO;
				ENABLE_RESOURCE_ACCESS_USB = NO;
				ENABLE_USER_SELECTED_FILES = readwrite;
				EXCLUDED_ARCHS = "";
				GENERATE_INFOPLIST_FILE = YES;
				INFOPLIST_FILE = kiririn/Info.plist;
				INFOPLIST_KEY_CFBundleDisplayName = kiririn;
				INFOPLIST_KEY_ITSAppUsesNonExemptEncryption = NO;
				INFOPLIST_KEY_KiririnGitCommitHash = "-";
				INFOPLIST_KEY_LSApplicationCategoryType = "public.app-category.video";
				INFOPLIST_KEY_LSSupportsOpeningDocumentsInPlace = YES;
				INFOPLIST_KEY_NSHumanReadableCopyright = "Copyright © 2025 ci7lus";
				INFOPLIST_KEY_NSLocalNetworkUsageDescription = "ローカルネットワーク上のサーバーと通信します。";
				INFOPLIST_KEY_UIApplicationSceneManifest_Generation = YES;
				INFOPLIST_KEY_UIApplicationSupportsIndirectInputEvents = YES;
				INFOPLIST_KEY_UILaunchScreen_Generation = YES;
				INFOPLIST_KEY_UIStatusBarHidden = YES;
				INFOPLIST_KEY_UISupportedInterfaceOrientations = "UIInterfaceOrientationPortrait UIInterfaceOrientationLandscapeLeft UIInterfaceOrientationLandscapeRight";
				INFOPLIST_KEY_UISupportedInterfaceOrientations_iPad = "UIInterfaceOrientationPortrait UIInterfaceOrientationPortraitUpsideDown UIInterfaceOrientationLandscapeLeft UIInterfaceOrientationLandscapeRight";
				INFOPLIST_KEY_UISupportedInterfaceOrientations_iPhone = "UIInterfaceOrientationPortrait UIInterfaceOrientationLandscapeLeft UIInterfaceOrientationLandscapeRight";
				IPHONEOS_DEPLOYMENT_TARGET = 18.4;
				KIRIRIN_TEMPORARY_MARKETING_VERSION = 0.1.2;
				LD_RUNPATH_SEARCH_PATHS = "@executable_path/Frameworks";
				"LD_RUNPATH_SEARCH_PATHS[sdk=macosx*]" = "@executable_path/../Frameworks";
				MACOSX_DEPLOYMENT_TARGET = 15.4;
				MARKETING_VERSION = 0.1.2;
				"MARKETING_VERSION[sdk=iphoneos*]" = 0.1.1;
				PRODUCT_BUNDLE_IDENTIFIER = jp.pronama.kiririn;
				PRODUCT_NAME = "$(TARGET_NAME)";
				PROVISIONING_PROFILE_SPECIFIER = "";
				REGISTER_APP_GROUPS = YES;
				RUNTIME_EXCEPTION_ALLOW_DYLD_ENVIRONMENT_VARIABLES = NO;
				RUNTIME_EXCEPTION_ALLOW_JIT = NO;
				RUNTIME_EXCEPTION_ALLOW_UNSIGNED_EXECUTABLE_MEMORY = NO;
				RUNTIME_EXCEPTION_DEBUGGING_TOOL = NO;
				RUNTIME_EXCEPTION_DISABLE_EXECUTABLE_PAGE_PROTECTION = NO;
				RUNTIME_EXCEPTION_DISABLE_LIBRARY_VALIDATION = NO;
				SDKROOT = auto;
				SUPPORTED_PLATFORMS = "iphoneos iphonesimulator macosx";
				SUPPORTS_MACCATALYST = NO;
				SUPPORTS_MAC_DESIGNED_FOR_IPHONE_IPAD = NO;
				SWIFT_APPROACHABLE_CONCURRENCY = YES;
				SWIFT_DEFAULT_ACTOR_ISOLATION = MainActor;
				SWIFT_EMIT_LOC_STRINGS = YES;
				SWIFT_UPCOMING_FEATURE_MEMBER_IMPORT_VISIBILITY = YES;
				SWIFT_VERSION = 5.0;
				TARGETED_DEVICE_FAMILY = "1,2";
			};
			name = Release;
		};
		105FC5A12E9EAD3200EA8BCF /* Debug */ = {
			isa = XCBuildConfiguration;
			buildSettings = {
				BUNDLE_LOADER = "$(TEST_HOST)";
				CODE_SIGN_STYLE = Automatic;
				CURRENT_PROJECT_VERSION = 1;
				DEAD_CODE_STRIPPING = YES;
				DEVELOPMENT_TEAM = "";
				GENERATE_INFOPLIST_FILE = YES;
				IPHONEOS_DEPLOYMENT_TARGET = 18.6;
				MACOSX_DEPLOYMENT_TARGET = 15.6;
				MARKETING_VERSION = 1.0.0;
				PRODUCT_BUNDLE_IDENTIFIER = jp.pronama.kiririn.tests;
				PRODUCT_NAME = "$(TARGET_NAME)";
				STRING_CATALOG_GENERATE_SYMBOLS = NO;
				SWIFT_APPROACHABLE_CONCURRENCY = YES;
				SWIFT_EMIT_LOC_STRINGS = NO;
				SWIFT_UPCOMING_FEATURE_MEMBER_IMPORT_VISIBILITY = YES;
				SWIFT_VERSION = 5.0;
				TARGETED_DEVICE_FAMILY = "1,2";
				TEST_HOST = "$(BUILT_PRODUCTS_DIR)/kiririn.app/$(BUNDLE_EXECUTABLE_FOLDER_PATH)/kiririn";
			};
			name = Debug;
		};
		105FC5A22E9EAD3200EA8BCF /* Release */ = {
			isa = XCBuildConfiguration;
			buildSettings = {
				BUNDLE_LOADER = "$(TEST_HOST)";
				CODE_SIGN_STYLE = Automatic;
				CURRENT_PROJECT_VERSION = 1;
				DEAD_CODE_STRIPPING = YES;
				DEVELOPMENT_TEAM = "";
				GENERATE_INFOPLIST_FILE = YES;
				IPHONEOS_DEPLOYMENT_TARGET = 18.6;
				MACOSX_DEPLOYMENT_TARGET = 15.6;
				MARKETING_VERSION = 1.0.0;
				PRODUCT_BUNDLE_IDENTIFIER = jp.pronama.kiririn.tests;
				PRODUCT_NAME = "$(TARGET_NAME)";
				STRING_CATALOG_GENERATE_SYMBOLS = NO;
				SWIFT_APPROACHABLE_CONCURRENCY = YES;
				SWIFT_EMIT_LOC_STRINGS = NO;
				SWIFT_UPCOMING_FEATURE_MEMBER_IMPORT_VISIBILITY = YES;
				SWIFT_VERSION = 5.0;
				TARGETED_DEVICE_FAMILY = "1,2";
				TEST_HOST = "$(BUILT_PRODUCTS_DIR)/kiririn.app/$(BUNDLE_EXECUTABLE_FOLDER_PATH)/kiririn";
			};
			name = Release;
		};
		105FC5A42E9EAD3200EA8BCF /* Debug */ = {
			isa = XCBuildConfiguration;
			buildSettings = {
				CODE_SIGN_STYLE = Automatic;
				CURRENT_PROJECT_VERSION = 1;
				DEAD_CODE_STRIPPING = YES;
				DEVELOPMENT_TEAM = "";
				GENERATE_INFOPLIST_FILE = YES;
				MACOSX_DEPLOYMENT_TARGET = 15.6;
				MARKETING_VERSION = 1.0.0;
				PRODUCT_BUNDLE_IDENTIFIER = jp.pronama.kiririn.uitests;
				PRODUCT_NAME = "$(TARGET_NAME)";
				STRING_CATALOG_GENERATE_SYMBOLS = NO;
				SWIFT_APPROACHABLE_CONCURRENCY = YES;
				SWIFT_EMIT_LOC_STRINGS = NO;
				SWIFT_UPCOMING_FEATURE_MEMBER_IMPORT_VISIBILITY = YES;
				SWIFT_VERSION = 5.0;
				TARGETED_DEVICE_FAMILY = "1,2";
				TEST_TARGET_NAME = kiririn;
			};
			name = Debug;
		};
		105FC5A52E9EAD3200EA8BCF /* Release */ = {
			isa = XCBuildConfiguration;
			buildSettings = {
				CODE_SIGN_STYLE = Automatic;
				CURRENT_PROJECT_VERSION = 1;
				DEAD_CODE_STRIPPING = YES;
				DEVELOPMENT_TEAM = "";
				GENERATE_INFOPLIST_FILE = YES;
				MACOSX_DEPLOYMENT_TARGET = 15.6;
				MARKETING_VERSION = 1.0.0;
				PRODUCT_BUNDLE_IDENTIFIER = jp.pronama.kiririn.uitests;
				PRODUCT_NAME = "$(TARGET_NAME)";
				STRING_CATALOG_GENERATE_SYMBOLS = NO;
				SWIFT_APPROACHABLE_CONCURRENCY = YES;
				SWIFT_EMIT_LOC_STRINGS = NO;
				SWIFT_UPCOMING_FEATURE_MEMBER_IMPORT_VISIBILITY = YES;
				SWIFT_VERSION = 5.0;
				TARGETED_DEVICE_FAMILY = "1,2";
				TEST_TARGET_NAME = kiririn;
			};
			name = Release;
		};
/* End XCBuildConfiguration section */

/* Begin XCConfigurationList section */
		105FC5752E9EAD3100EA8BCF /* Build configuration list for PBXProject "kiririn" */ = {
			isa = XCConfigurationList;
			buildConfigurations = (
				105FC59B2E9EAD3200EA8BCF /* Debug */,
				105FC59C2E9EAD3200EA8BCF /* Release */,
			);
			defaultConfigurationIsVisible = 0;
			defaultConfigurationName = Release;
		};
		105FC59D2E9EAD3200EA8BCF /* Build configuration list for PBXNativeTarget "kiririn" */ = {
			isa = XCConfigurationList;
			buildConfigurations = (
				105FC59E2E9EAD3200EA8BCF /* Debug */,
				105FC59F2E9EAD3200EA8BCF /* Release */,
			);
			defaultConfigurationIsVisible = 0;
			defaultConfigurationName = Release;
		};
		105FC5A02E9EAD3200EA8BCF /* Build configuration list for PBXNativeTarget "kiririnTests" */ = {
			isa = XCConfigurationList;
			buildConfigurations = (
				105FC5A12E9EAD3200EA8BCF /* Debug */,
				105FC5A22E9EAD3200EA8BCF /* Release */,
			);
			defaultConfigurationIsVisible = 0;
			defaultConfigurationName = Release;
		};
		105FC5A32E9EAD3200EA8BCF /* Build configuration list for PBXNativeTarget "kiririnUITests" */ = {
			isa = XCConfigurationList;
			buildConfigurations = (
				105FC5A42E9EAD3200EA8BCF /* Debug */,
				105FC5A52E9EAD3200EA8BCF /* Release */,
			);
			defaultConfigurationIsVisible = 0;
			defaultConfigurationName = Release;
		};
/* End XCConfigurationList section */

/* Begin XCLocalSwiftPackageReference section */
		CE44427F2FB87FAD0092C2BF /* XCLocalSwiftPackageReference "Packages/VLCKit" */ = {
			isa = XCLocalSwiftPackageReference;
			relativePath = Packages/VLCKit;
		};
		CE6B51C52FDDAD7A00873F35 /* XCLocalSwiftPackageReference "Packages/KppxKit" */ = {
			isa = XCLocalSwiftPackageReference;
			relativePath = Packages/KppxKit;
		};
		CEA761552FDC65F200C55CC4 /* XCLocalSwiftPackageReference "Packages/ApkSignatureVerifierKit" */ = {
			isa = XCLocalSwiftPackageReference;
			relativePath = Packages/ApkSignatureVerifierKit;
		};
		CEA7615C2FDC6B1C00C55CC4 /* XCLocalSwiftPackageReference "Packages/ARIBStandardKit" */ = {
			isa = XCLocalSwiftPackageReference;
			relativePath = Packages/ARIBStandardKit;
		};
/* End XCLocalSwiftPackageReference section */

/* Begin XCRemoteSwiftPackageReference section */
		CE171EEC2F61AE4D008DEA05 /* XCRemoteSwiftPackageReference "swift-collections" */ = {
			isa = XCRemoteSwiftPackageReference;
			repositoryURL = "https://github.com/apple/swift-collections.git";
			requirement = {
				kind = upToNextMajorVersion;
				minimumVersion = 1.4.0;
			};
		};
		CE21E93F2FF10C020007B5F6 /* XCRemoteSwiftPackageReference "931f454f81e605d08440df93f341a841" */ = {
			isa = XCRemoteSwiftPackageReference;
			repositoryURL = "https://gist.github.com/931f454f81e605d08440df93f341a841.git";
			requirement = {
				branch = master;
				kind = branch;
			};
		};
		CE3FA1902FDC21880049EEA5 /* XCRemoteSwiftPackageReference "HotKey" */ = {
			isa = XCRemoteSwiftPackageReference;
			repositoryURL = "https://github.com/soffes/HotKey";
			requirement = {
				kind = revision;
				revision = a3cf605d7a96f6ff50e04fcb6dea6e2613cfcbe4;
			};
		};
		CE44428C2FB8B9050092C2BF /* XCRemoteSwiftPackageReference "sentry-cocoa" */ = {
			isa = XCRemoteSwiftPackageReference;
			repositoryURL = "https://github.com/getsentry/sentry-cocoa.git";
			requirement = {
				kind = upToNextMajorVersion;
				minimumVersion = 9.13.0;
			};
		};
		CE47B1A32F4DC5AA00680B2E /* XCRemoteSwiftPackageReference "swift-log" */ = {
			isa = XCRemoteSwiftPackageReference;
			repositoryURL = "https://github.com/apple/swift-log";
			requirement = {
				kind = upToNextMajorVersion;
				minimumVersion = 1.10.1;
			};
		};
		CE47B1A82F4DC65200680B2E /* XCRemoteSwiftPackageReference "GRDB.swift" */ = {
			isa = XCRemoteSwiftPackageReference;
			repositoryURL = "https://github.com/groue/GRDB.swift.git";
			requirement = {
				kind = upToNextMajorVersion;
				minimumVersion = 7.10.0;
			};
		};
		CE54EBE72FB834D4009AFCBC /* XCRemoteSwiftPackageReference "LicenseList" */ = {
			isa = XCRemoteSwiftPackageReference;
			repositoryURL = "https://github.com/cybozu/LicenseList";
			requirement = {
				kind = upToNextMajorVersion;
				minimumVersion = 2.5.0;
			};
		};
		CEA5BCC52FC31AB8007D3B10 /* XCRemoteSwiftPackageReference "ZIPFoundation" */ = {
			isa = XCRemoteSwiftPackageReference;
			repositoryURL = "https://github.com/weichsel/ZIPFoundation";
			requirement = {
				kind = upToNextMajorVersion;
				minimumVersion = 0.9.20;
			};
		};
/* End XCRemoteSwiftPackageReference section */

/* Begin XCSwiftPackageProductDependency section */
		CE171EED2F61AE4D008DEA05 /* OrderedCollections */ = {
			isa = XCSwiftPackageProductDependency;
			package = CE171EEC2F61AE4D008DEA05 /* XCRemoteSwiftPackageReference "swift-collections" */;
			productName = OrderedCollections;
		};
		CE21E9402FF10C020007B5F6 /* PronamaAssets */ = {
			isa = XCSwiftPackageProductDependency;
			package = CE21E93F2FF10C020007B5F6 /* XCRemoteSwiftPackageReference "931f454f81e605d08440df93f341a841" */;
			productName = PronamaAssets;
		};
		CE3FA1912FDC21880049EEA5 /* HotKey */ = {
			isa = XCSwiftPackageProductDependency;
			package = CE3FA1902FDC21880049EEA5 /* XCRemoteSwiftPackageReference "HotKey" */;
			productName = HotKey;
		};
		CE4442802FB87FAD0092C2BF /* VLCKit */ = {
			isa = XCSwiftPackageProductDependency;
			productName = VLCKit;
		};
		CE44428D2FB8B9050092C2BF /* Sentry */ = {
			isa = XCSwiftPackageProductDependency;
			package = CE44428C2FB8B9050092C2BF /* XCRemoteSwiftPackageReference "sentry-cocoa" */;
			productName = Sentry;
		};
		CE47B1A62F4DC5AA00680B2E /* Logging */ = {
			isa = XCSwiftPackageProductDependency;
			package = CE47B1A32F4DC5AA00680B2E /* XCRemoteSwiftPackageReference "swift-log" */;
			productName = Logging;
		};
		CE47B1A92F4DC65200680B2E /* GRDB */ = {
			isa = XCSwiftPackageProductDependency;
			package = CE47B1A82F4DC65200680B2E /* XCRemoteSwiftPackageReference "GRDB.swift" */;
			productName = GRDB;
		};
		CE54EBE82FB834D4009AFCBC /* LicenseList */ = {
			isa = XCSwiftPackageProductDependency;
			package = CE54EBE72FB834D4009AFCBC /* XCRemoteSwiftPackageReference "LicenseList" */;
			productName = LicenseList;
		};
		CE699FA22FDC700400C6F6C4 /* ARIBStandardKit */ = {
			isa = XCSwiftPackageProductDependency;
			package = CEA7615C2FDC6B1C00C55CC4 /* XCLocalSwiftPackageReference "Packages/ARIBStandardKit" */;
			productName = ARIBStandardKit;
		};
		CE6B51C62FDDAD7A00873F35 /* KppxKit */ = {
			isa = XCSwiftPackageProductDependency;
			productName = KppxKit;
		};
		CEA5BCC62FC31AB8007D3B10 /* ZIPFoundation */ = {
			isa = XCSwiftPackageProductDependency;
			package = CEA5BCC52FC31AB8007D3B10 /* XCRemoteSwiftPackageReference "ZIPFoundation" */;
			productName = ZIPFoundation;
		};
		CEA761562FDC65F200C55CC4 /* ApkSignatureVerifierKit */ = {
			isa = XCSwiftPackageProductDependency;
			productName = ApkSignatureVerifierKit;
		};
		CEA761582FDC66F500C55CC4 /* ApkSignatureVerifierKit */ = {
			isa = XCSwiftPackageProductDependency;
			package = CEA761552FDC65F200C55CC4 /* XCLocalSwiftPackageReference "Packages/ApkSignatureVerifierKit" */;
			productName = ApkSignatureVerifierKit;
		};
		CEA7615D2FDC6B1C00C55CC4 /* ARIBStandardKit */ = {
			isa = XCSwiftPackageProductDependency;
			productName = ARIBStandardKit;
		};
/* End XCSwiftPackageProductDependency section */
	};
	rootObject = 105FC5722E9EAD3100EA8BCF /* Project object */;
}
